
Microsoft Visual Studio Solution File, Format Version 12.00
# Visual Studio Version 17
VisualStudioVersion = 17.1.32210.238
MinimumVisualStudioVersion = 10.0.40219.1
Project("{FAE04EC0-301F-11D3-BF4B-00C04F79EFBC}") = "SprotDictionary", "SprotDictionary\SprotDictionary.csproj", "{76A91517-5943-46A8-96EF-C3A86F8DEB6D}"
EndProject
Global
	GlobalSection(SolutionConfigurationPlatforms) = preSolution
		Debug|Any CPU = Debug|Any CPU
		Release|Any CPU = Release|Any CPU
	EndGlobalSection
	GlobalSection(ProjectConfigurationPlatforms) = postSolution
		{76A91517-5943-46A8-96EF-C3A86F8DEB6D}.Debug|Any CPU.ActiveCfg = Debug|Any CPU
		{76A91517-5943-46A8-96EF-C3A86F8DEB6D}.Debug|Any CPU.Build.0 = Debug|Any CPU
		{76A91517-5943-46A8-96EF-C3A86F8DEB6D}.Release|Any CPU.ActiveCfg = Release|Any CPU
		{76A91517-5943-46A8-96EF-C3A86F8DEB6D}.Release|Any CPU.Build.0 = Release|Any CPU
	EndGlobalSection
	GlobalSection(SolutionProperties) = preSolution
		HideSolutionNode = FALSE
	EndGlobalSection
	GlobalSection(ExtensibilityGlobals) = postSolution
		SolutionGuid = {6C709C17-AE2A-4D4A-B71D-CA45C89D2879}
	EndGlobalSection
EndGlobal
